{
  "name": "first_hapi_server",
  "version": "1.0.0",
  "lockfileVersion": 1,
  "dependencies": {
    "core-util-is": {
      "version": "1.0.2",
      "resolved": "https://registry.npmjs.org/core-util-is/-/core-util-is-1.0.2.tgz",
      "integrity": "sha1-tf1UIgqivFq1eqtxQMlAdUUDwac="
    },
    "duplexify": {
      "version": "3.5.0",
      "resolved": "https://registry.npmjs.org/duplexify/-/duplexify-3.5.0.tgz",
      "integrity": "sha1-GqdzAC4VeEV+nZ1KULDMquvL1gQ="
    },
    "end-of-stream": {
      "version": "1.0.0",
      "resolved": "https://registry.npmjs.org/end-of-stream/-/end-of-stream-1.0.0.tgz",
      "integrity": "sha1-1FlucCc0qT5A6a+GQxnqvZn/Lw4="
    },
    "good": {
      "version": "7.2.0",
      "resolved": "https://registry.npmjs.org/good/-/good-7.2.0.tgz",
      "integrity": "sha1-yU2qRL+5Y4jyj2zorIv9Rowt9wQ="
    },
    "good-console": {
      "version": "6.4.0",
      "resolved": "https://registry.npmjs.org/good-console/-/good-console-6.4.0.tgz",
      "integrity": "sha1-cpTJ2QxMnwWaCC4YBiVJWWbSulk=",
      "dependencies": {
        "joi": {
          "version": "8.1.1",
          "resolved": "https://registry.npmjs.org/joi/-/joi-8.1.1.tgz",
          "integrity": "sha1-LYtSpdkJ0hftRySFd+7+ixeY9I8="
        }
      }
    },
    "hapi": {
      "version": "13.5.3",
      "resolved": "https://registry.npmjs.org/hapi/-/hapi-13.5.3.tgz",
      "integrity": "sha1-gYtdneXokGveaMoL0ZqTZWQTwCg=",
      "dependencies": {
        "accept": {
          "version": "2.1.1",
          "resolved": "https://registry.npmjs.org/accept/-/accept-2.1.1.tgz",
          "integrity": "sha1-vJxvGDwBKdxy9yWIV+fMj0idD2E="
        },
        "ammo": {
          "version": "2.0.1",
          "resolved": "https://registry.npmjs.org/ammo/-/ammo-2.0.1.tgz",
          "integrity": "sha1-agfseOgSneLf01G6bnmDULJqMt8="
        },
        "boom": {
          "version": "3.2.0",
          "resolved": "https://registry.npmjs.org/boom/-/boom-3.2.0.tgz",
          "integrity": "sha1-Z92RhQy0gV4FGqXBi1eKS5o7/eg="
        },
        "call": {
          "version": "3.0.2",
          "resolved": "https://registry.npmjs.org/call/-/call-3.0.2.tgz",
          "integrity": "sha1-y+/QTvwaB7kdxAllDrcKsuDSpx4="
        },
        "catbox": {
          "version": "7.1.1",
          "resolved": "https://registry.npmjs.org/catbox/-/catbox-7.1.1.tgz",
          "integrity": "sha1-KBkzXfpFs3JgubkZN+mWttCg09I="
        },
        "catbox-memory": {
          "version": "2.0.2",
          "resolved": "https://registry.npmjs.org/catbox-memory/-/catbox-memory-2.0.2.tgz",
          "integrity": "sha1-XqRKtmYOUHtumE9qZW2K8sps6zs="
        },
        "cryptiles": {
          "version": "3.0.1",
          "resolved": "https://registry.npmjs.org/cryptiles/-/cryptiles-3.0.1.tgz",
          "integrity": "sha1-4KDpAhk3Vq/Veqp2AtQ/VQczBeI="
        },
        "heavy": {
          "version": "4.0.1",
          "resolved": "https://registry.npmjs.org/heavy/-/heavy-4.0.1.tgz",
          "integrity": "sha1-UJAaFEiCU8K5VrAHKZbI9WGHA0Y="
        },
        "hoek": {
          "version": "4.0.0",
          "resolved": "https://registry.npmjs.org/hoek/-/hoek-4.0.0.tgz",
          "integrity": "sha1-NCm9h9lUj9RU5PbIVCiZropB30o="
        },
        "iron": {
          "version": "4.0.1",
          "resolved": "https://registry.npmjs.org/iron/-/iron-4.0.1.tgz",
          "integrity": "sha1-yCKCABIdU89gu5BfHN3Dxb4Akys="
        },
        "items": {
          "version": "2.1.0",
          "resolved": "https://registry.npmjs.org/items/-/items-2.1.0.tgz",
          "integrity": "sha1-L9AdSJ5+xYYb8Q69td3KM4Q8hQ8="
        },
        "joi": {
          "version": "8.1.0",
          "resolved": "https://registry.npmjs.org/joi/-/joi-8.1.0.tgz",
          "integrity": "sha1-WhkJTM5oAJzhGDHzutOh4eCvotE=",
          "dependencies": {
            "isemail": {
              "version": "2.1.2",
              "resolved": "https://registry.npmjs.org/isemail/-/isemail-2.1.2.tgz",
              "integrity": "sha1-YkwVWmd0MRRopQN6k/G10fFmd6Q="
            },
            "moment": {
              "version": "2.13.0",
              "resolved": "https://registry.npmjs.org/moment/-/moment-2.13.0.tgz",
              "integrity": "sha1-JBYtmVIebUD5muaTnoBtITnqrFI="
            }
          }
        },
        "kilt": {
          "version": "2.0.1",
          "resolved": "https://registry.npmjs.org/kilt/-/kilt-2.0.1.tgz",
          "integrity": "sha1-bj33ed8bifSZgZ2pJS5vFc0BfzM="
        },
        "mimos": {
          "version": "3.0.1",
          "resolved": "https://registry.npmjs.org/mimos/-/mimos-3.0.1.tgz",
          "integrity": "sha1-o/H/CaELVllHNDrDNyP1JGfWlfQ=",
          "dependencies": {
            "mime-db": {
              "version": "1.23.0",
              "resolved": "https://registry.npmjs.org/mime-db/-/mime-db-1.23.0.tgz",
              "integrity": "sha1-oxtAcK2uon1zLqMzdApk0OyaZlk="
            }
          }
        },
        "peekaboo": {
          "version": "2.0.1",
          "resolved": "https://registry.npmjs.org/peekaboo/-/peekaboo-2.0.1.tgz",
          "integrity": "sha1-EQXxouquXY/p8In2/ummYCqCsus="
        },
        "shot": {
          "version": "3.1.0",
          "resolved": "https://registry.npmjs.org/shot/-/shot-3.1.0.tgz",
          "integrity": "sha1-kvOMYIWECwZNPBzZ14hC/FxPSDw="
        },
        "statehood": {
          "version": "4.0.1",
          "resolved": "https://registry.npmjs.org/statehood/-/statehood-4.0.1.tgz",
          "integrity": "sha1-hc6QUwTDCZi6zRwL93h/qKvGCVg="
        },
        "subtext": {
          "version": "4.0.3",
          "resolved": "https://registry.npmjs.org/subtext/-/subtext-4.0.3.tgz",
          "integrity": "sha1-XF2cVMxl/292f/Bzu4fsITUwhSQ=",
          "dependencies": {
            "content": {
              "version": "3.0.1",
              "resolved": "https://registry.npmjs.org/content/-/content-3.0.1.tgz",
              "integrity": "sha1-5PXwSKSw6kMiDEHADNOJWsBl8so="
            },
            "pez": {
              "version": "2.1.1",
              "resolved": "https://registry.npmjs.org/pez/-/pez-2.1.1.tgz",
              "integrity": "sha1-S1OYWcfr5v1pO5bh7UQriSxy7fI=",
              "dependencies": {
                "b64": {
                  "version": "3.0.1",
                  "resolved": "https://registry.npmjs.org/b64/-/b64-3.0.1.tgz",
                  "integrity": "sha1-F9ez+b8IG1/zGviRc55pUo1yYFo="
                },
                "nigel": {
                  "version": "2.0.1",
                  "resolved": "https://registry.npmjs.org/nigel/-/nigel-2.0.1.tgz",
                  "integrity": "sha1-ujcV/GMZsR6dYjKnPbDh3KprnBo=",
                  "dependencies": {
                    "vise": {
                      "version": "2.0.1",
                      "resolved": "https://registry.npmjs.org/vise/-/vise-2.0.1.tgz",
                      "integrity": "sha1-RbryamPuomyvGp06bd9xaJVQh/Q="
                    }
                  }
                }
              }
            },
            "wreck": {
              "version": "7.2.1",
              "resolved": "https://registry.npmjs.org/wreck/-/wreck-7.2.1.tgz",
              "integrity": "sha1-7s0R0NkeozTWa7PsUjFUBdpokVg="
            }
          }
        },
        "topo": {
          "version": "2.0.1",
          "resolved": "https://registry.npmjs.org/topo/-/topo-2.0.1.tgz",
          "integrity": "sha1-yh9pqDQhjCG4JquywDNSEu3gS3U="
        }
      }
    },
    "hoek": {
      "version": "4.1.1",
      "resolved": "https://registry.npmjs.org/hoek/-/hoek-4.1.1.tgz",
      "integrity": "sha1-nMVz/7ore0CPtenCoTeWvpTN3Ok="
    },
    "inherits": {
      "version": "2.0.3",
      "resolved": "https://registry.npmjs.org/inherits/-/inherits-2.0.3.tgz",
      "integrity": "sha1-Yzwsg+PaQqUC9SRmAiSA9CCCYd4="
    },
    "isarray": {
      "version": "1.0.0",
      "resolved": "https://registry.npmjs.org/isarray/-/isarray-1.0.0.tgz",
      "integrity": "sha1-u5NdSFgsuhaMBoNJV6VKPgcSTxE="
    },
    "isemail": {
      "version": "2.2.1",
      "resolved": "https://registry.npmjs.org/isemail/-/isemail-2.2.1.tgz",
      "integrity": "sha1-A1PT2aYpUQgMJiwqoKQrjqjp4qY="
    },
    "items": {
      "version": "2.1.1",
      "resolved": "https://registry.npmjs.org/items/-/items-2.1.1.tgz",
      "integrity": "sha1-i9FtnIOxlSneWuoyGsqtp4NkoZg="
    },
    "joi": {
      "version": "10.6.0",
      "resolved": "https://registry.npmjs.org/joi/-/joi-10.6.0.tgz",
      "integrity": "sha512-hBF3LcqyAid+9X/pwg+eXjD2QBZI5eXnBFJYaAkH4SK3mp9QSRiiQnDYlmlz5pccMvnLcJRS4whhDOTCkmsAdQ=="
    },
    "json-stringify-safe": {
      "version": "5.0.1",
      "resolved": "https://registry.npmjs.org/json-stringify-safe/-/json-stringify-safe-5.0.1.tgz",
      "integrity": "sha1-Epai1Y/UXxmg9s4B1lcB4sc1tus="
    },
    "moment": {
      "version": "2.15.2",
      "resolved": "https://registry.npmjs.org/moment/-/moment-2.15.2.tgz",
      "integrity": "sha1-G/3t9qbjRfMi/pVtXfW9CKjOhNw="
    },
    "once": {
      "version": "1.3.3",
      "resolved": "https://registry.npmjs.org/once/-/once-1.3.3.tgz",
      "integrity": "sha1-suJhVXzkwxTsgwTz+oJmPkKXyiA="
    },
    "oppsy": {
      "version": "1.0.2",
      "resolved": "https://registry.npmjs.org/oppsy/-/oppsy-1.0.2.tgz",
      "integrity": "sha1-mAFM1pZ2U6g8//pVQibckAULqtQ="
    },
    "process-nextick-args": {
      "version": "1.0.7",
      "resolved": "https://registry.npmjs.org/process-nextick-args/-/process-nextick-args-1.0.7.tgz",
      "integrity": "sha1-FQ4gt1ZZCtP5EJPyWk8q2L/zC6M="
    },
    "pump": {
      "version": "1.0.2",
      "resolved": "https://registry.npmjs.org/pump/-/pump-1.0.2.tgz",
      "integrity": "sha1-Oz7mUS+U8OV1U4wXmV+fFpkKXVE=",
      "dependencies": {
        "end-of-stream": {
          "version": "1.4.0",
          "resolved": "https://registry.npmjs.org/end-of-stream/-/end-of-stream-1.4.0.tgz",
          "integrity": "sha1-epDYM+/abPpurA9JSduw+tOmMgY=",
          "dependencies": {
            "once": {
              "version": "1.4.0",
              "resolved": "https://registry.npmjs.org/once/-/once-1.4.0.tgz",
              "integrity": "sha1-WDsap3WWHUsROsF9nFC6753Xa9E="
            }
          }
        }
      }
    },
    "pumpify": {
      "version": "1.3.5",
      "resolved": "https://registry.npmjs.org/pumpify/-/pumpify-1.3.5.tgz",
      "integrity": "sha1-G2ccYZlAq8rqwK0OOjwWS+dgmTs="
    },
    "readable-stream": {
      "version": "2.3.3",
      "resolved": "https://registry.npmjs.org/readable-stream/-/readable-stream-2.3.3.tgz",
      "integrity": "sha512-m+qzzcn7KUxEmd1gMbchF+Y2eIUbieUaxkWtptyHywrX0rE8QEYqPC07Vuy4Wm32/xE16NcdBctb8S0Xe/5IeQ=="
    },
    "safe-buffer": {
      "version": "5.1.1",
      "resolved": "https://registry.npmjs.org/safe-buffer/-/safe-buffer-5.1.1.tgz",
      "integrity": "sha512-kKvNJn6Mm93gAczWVJg7wH+wGYWNrDHdWvpUmHyEsgCtIwwo3bqPtV4tR5tuPaUhTOo/kvhVwd8XwwOllGYkbg=="
    },
    "stream-shift": {
      "version": "1.0.0",
      "resolved": "https://registry.npmjs.org/stream-shift/-/stream-shift-1.0.0.tgz",
      "integrity": "sha1-1cdSgl5TZ+eG944Y5EXqIjoVWVI="
    },
    "string_decoder": {
      "version": "1.0.3",
      "resolved": "https://registry.npmjs.org/string_decoder/-/string_decoder-1.0.3.tgz",
      "integrity": "sha512-4AH6Z5fzNNBcH+6XDMfA/BTt87skxqJlO0lAh3Dker5zThcAxG6mKz+iGu308UKoPPQ8Dcqx/4JhujzltRa+hQ=="
    },
    "topo": {
      "version": "2.0.2",
      "resolved": "https://registry.npmjs.org/topo/-/topo-2.0.2.tgz",
      "integrity": "sha1-zVYVdSU5BXwNwEkaYhw7xvvh0YI="
    },
    "util-deprecate": {
      "version": "1.0.2",
      "resolved": "https://registry.npmjs.org/util-deprecate/-/util-deprecate-1.0.2.tgz",
      "integrity": "sha1-RQ1Nyfpw3nMnYvvS1KKJgUGaDM8="
    },
    "wrappy": {
      "version": "1.0.2",
      "resolved": "https://registry.npmjs.org/wrappy/-/wrappy-1.0.2.tgz",
      "integrity": "sha1-tSQ9jz7BqjXxNkYFvA0QNuMKtp8="
    }
  }
}
